
Microsoft Visual Studio Solution File, Format Version 12.00
# Visual Studio 15
VisualStudioVersion = 15.0.28307.960
MinimumVisualStudioVersion = 10.0.40219.1
Project("{FAE04EC0-301F-11D3-BF4B-00C04F79EFBC}") = "01_Presentation_Layer", "01_Presentation_Layer\01_Presentation_Layer.csproj", "{5B244BA5-262A-4D3E-9700-3A06FE9E4113}"
EndProject
Project("{FAE04EC0-301F-11D3-BF4B-00C04F79EFBC}") = "02_Bussiness_Logic_Layer", "02_Bussiness_Logic_Layer\02_Bussiness_Logic_Layer.csproj", "{898C48A8-65D7-4662-A504-E8A41C6B9460}"
EndProject
Project("{FAE04EC0-301F-11D3-BF4B-00C04F79EFBC}") = "03_Data_Access_Layer", "03_Data_Access_Layer\03_Data_Access_Layer.csproj", "{2F885F27-D207-41D4-A3EF-F6C94D5AFB02}"
EndProject
Global
	GlobalSection(SolutionConfigurationPlatforms) = preSolution
		Debug|Any CPU = Debug|Any CPU
		Release|Any CPU = Release|Any CPU
	EndGlobalSection
	GlobalSection(ProjectConfigurationPlatforms) = postSolution
		{5B244BA5-262A-4D3E-9700-3A06FE9E4113}.Debug|Any CPU.ActiveCfg = Debug|Any CPU
		{5B244BA5-262A-4D3E-9700-3A06FE9E4113}.Debug|Any CPU.Build.0 = Debug|Any CPU
		{5B244BA5-262A-4D3E-9700-3A06FE9E4113}.Release|Any CPU.ActiveCfg = Release|Any CPU
		{5B244BA5-262A-4D3E-9700-3A06FE9E4113}.Release|Any CPU.Build.0 = Release|Any CPU
		{898C48A8-65D7-4662-A504-E8A41C6B9460}.Debug|Any CPU.ActiveCfg = Debug|Any CPU
		{898C48A8-65D7-4662-A504-E8A41C6B9460}.Debug|Any CPU.Build.0 = Debug|Any CPU
		{898C48A8-65D7-4662-A504-E8A41C6B9460}.Release|Any CPU.ActiveCfg = Release|Any CPU
		{898C48A8-65D7-4662-A504-E8A41C6B9460}.Release|Any CPU.Build.0 = Release|Any CPU
		{2F885F27-D207-41D4-A3EF-F6C94D5AFB02}.Debug|Any CPU.ActiveCfg = Debug|Any CPU
		{2F885F27-D207-41D4-A3EF-F6C94D5AFB02}.Debug|Any CPU.Build.0 = Debug|Any CPU
		{2F885F27-D207-41D4-A3EF-F6C94D5AFB02}.Release|Any CPU.ActiveCfg = Release|Any CPU
		{2F885F27-D207-41D4-A3EF-F6C94D5AFB02}.Release|Any CPU.Build.0 = Release|Any CPU
	EndGlobalSection
	GlobalSection(SolutionProperties) = preSolution
		HideSolutionNode = FALSE
	EndGlobalSection
	GlobalSection(ExtensibilityGlobals) = postSolution
		SolutionGuid = {231556DD-3EFF-4E3D-9367-A06B1AD4EB90}
	EndGlobalSection
EndGlobal
